
Microsoft Visual Studio Solution File, Format Version 12.00
# Visual Studio Version 16
VisualStudioVersion = 16.0.30611.23
MinimumVisualStudioVersion = 10.0.40219.1
Project("{FAE04EC0-301F-11D3-BF4B-00C04F79EFBC}") = "TLSC", "TLSC\TLSC.csproj", "{369F0B2F-C366-4D2F-8A98-734326F91FD3}"
EndProject
Global
	GlobalSection(SolutionConfigurationPlatforms) = preSolution
		Debug|Any CPU = Debug|Any CPU
		Release|Any CPU = Release|Any CPU
	EndGlobalSection
	GlobalSection(ProjectConfigurationPlatforms) = postSolution
		{369F0B2F-C366-4D2F-8A98-734326F91FD3}.Debug|Any CPU.ActiveCfg = Debug|Any CPU
		{369F0B2F-C366-4D2F-8A98-734326F91FD3}.Debug|Any CPU.Build.0 = Debug|Any CPU
		{369F0B2F-C366-4D2F-8A98-734326F91FD3}.Release|Any CPU.ActiveCfg = Release|Any CPU
		{369F0B2F-C366-4D2F-8A98-734326F91FD3}.Release|Any CPU.Build.0 = Release|Any CPU
	EndGlobalSection
	GlobalSection(SolutionProperties) = preSolution
		HideSolutionNode = FALSE
	EndGlobalSection
	GlobalSection(ExtensibilityGlobals) = postSolution
		SolutionGuid = {6E8953E2-F3DC-4A5D-B5B3-BDD23188E66C}
	EndGlobalSection
EndGlobal
